
Microsoft Visual Studio Solution File, Format Version 12.00
# Visual Studio 15
VisualStudioVersion = 15.0.27130.2036
MinimumVisualStudioVersion = 10.0.40219.1
Project("{2150E333-8FDC-42A3-9474-1A3956D46DE8}") = "Systrade.Cadastro.Web", "Systrade.Cadastro.Web", "{478D87C3-6311-4BC7-B5F5-F3F9054A7677}"
EndProject
Project("{2150E333-8FDC-42A3-9474-1A3956D46DE8}") = "03-Dominio", "03-Dominio", "{7DD1A376-B756-4A7D-9724-276804FE7041}"
EndProject
Project("{2150E333-8FDC-42A3-9474-1A3956D46DE8}") = "04-Infra", "04-Infra", "{F6E06216-335C-4643-93EA-F89F61DEA1F1}"
EndProject
Project("{2150E333-8FDC-42A3-9474-1A3956D46DE8}") = "4.2-Data", "4.2-Data", "{047E9ABA-A474-4C38-BE88-492E0C424DC2}"
EndProject
Project("{FAE04EC0-301F-11D3-BF4B-00C04F79EFBC}") = "Systrade.CrossCutting.Ioc", "Systrade.CrossCutting.Ioc\Systrade.CrossCutting.Ioc.csproj", "{50C700FC-D8DE-46EC-8411-D3A23B7D9DB7}"
EndProject
Project("{FAE04EC0-301F-11D3-BF4B-00C04F79EFBC}") = "Systrade.Agencia.Dominio", "Systrade.Dominio\Systrade.Agencia.Dominio.csproj", "{FBAAF729-7EA8-4C3C-91F2-6A623303D222}"
EndProject
Project("{FAE04EC0-301F-11D3-BF4B-00C04F79EFBC}") = "Systrade.Agencia.Infra.Data", "Systrade.Infra.Data\Systrade.Agencia.Infra.Data.csproj", "{B9ABEB5C-EE49-4899-8A8F-30BAE341C296}"
EndProject
Project("{2150E333-8FDC-42A3-9474-1A3956D46DE8}") = "Domain.Complex", "Domain.Complex", "{7725A3CD-D14F-4152-BA39-BD1EA6259514}"
EndProject
Project("{2150E333-8FDC-42A3-9474-1A3956D46DE8}") = "Systrade.Agencia.Cadastro", "Systrade.Agencia.Cadastro", "{CF1A24B1-4E3C-40DE-9C80-4FA502A58177}"
EndProject
Project("{2150E333-8FDC-42A3-9474-1A3956D46DE8}") = "Sites", "Sites", "{D1322979-8A84-4BDF-BFA7-D4D2DB344ECA}"
EndProject
Project("{2150E333-8FDC-42A3-9474-1A3956D46DE8}") = "01-Aplicacao", "01-Aplicacao", "{81147D54-9962-4D85-B51E-21E315AECD6C}"
EndProject
Project("{FAE04EC0-301F-11D3-BF4B-00C04F79EFBC}") = "Systrade.Agecia.Aplicacao", "Systrade.Aplicacao\Systrade.Agecia.Aplicacao.csproj", "{C7A3A389-A2F5-4761-9235-B2F4A65D04C9}"
EndProject
Project("{FAE04EC0-301F-11D3-BF4B-00C04F79EFBC}") = "Systrade.Cadastro.Testes", "Systrade.Cadastro.Testes\Systrade.Cadastro.Testes.csproj", "{F9EFF0BB-C3D5-4388-9E01-7467051572CB}"
EndProject
Project("{2150E333-8FDC-42A3-9474-1A3956D46DE8}") = "4.1-CrossCutting", "4.1-CrossCutting", "{DCFD7731-257A-4ACA-AD9A-905BF02881A3}"
EndProject
Project("{2150E333-8FDC-42A3-9474-1A3956D46DE8}") = "02-Servicos", "02-Servicos", "{0442435B-C8A8-4856-B9B8-B580F5500790}"
EndProject
Project("{FAE04EC0-301F-11D3-BF4B-00C04F79EFBC}") = "Systrade.Cadastro.UI.Mvc", "Systrade.Cadastro.UI.Mvc\Systrade.Cadastro.UI.Mvc.csproj", "{D4DEEC85-8736-4B4F-A58B-E5BA457529E7}"
EndProject
Project("{FAE04EC0-301F-11D3-BF4B-00C04F79EFBC}") = "Systrade.Cadastro.Identity", "Systrade.Cadastro.Identity\Systrade.Cadastro.Identity.csproj", "{0321512A-9F56-49A5-BD68-0E9E70906C0E}"
EndProject
Project("{2150E333-8FDC-42A3-9474-1A3956D46DE8}") = "Systrade.Core", "Systrade.Core", "{161A844C-CA81-4C9C-A63A-17512F5C25D2}"
EndProject
Project("{FAE04EC0-301F-11D3-BF4B-00C04F79EFBC}") = "Systrade.Core.Domain", "Systrade.Core\Systrade.Core.Domain.csproj", "{5FC535A3-92CA-4C9C-8AF3-F790BBA11D37}"
EndProject
Project("{FAE04EC0-301F-11D3-BF4B-00C04F79EFBC}") = "Systrade.CrossCutting.Filters", "Systrade.CrossCutting.Filters\Systrade.CrossCutting.Filters.csproj", "{99DC1D76-5BC1-4B8B-97EA-69DD110DB248}"
EndProject
Project("{2150E333-8FDC-42A3-9474-1A3956D46DE8}") = "05-Dominio", "05-Dominio", "{1517062D-CF41-4F92-B76C-44B1705688A7}"
EndProject
Project("{2150E333-8FDC-42A3-9474-1A3956D46DE8}") = "06-Infra", "06-Infra", "{8E5E3C0E-89EC-46BC-A911-22434E44556E}"
EndProject
Project("{2150E333-8FDC-42A3-9474-1A3956D46DE8}") = "6.1-CrossCutting", "6.1-CrossCutting", "{E251B452-2B13-494D-B9E3-EA376393F13E}"
EndProject
Project("{FAE04EC0-301F-11D3-BF4B-00C04F79EFBC}") = "Systrade.Core.Infra.CrossCutting.Bus", "Systrade.Core.Infra.CrossCutting.Bus\Systrade.Core.Infra.CrossCutting.Bus.csproj", "{D9151909-D795-4FD3-9992-14E423B5450E}"
EndProject
Project("{2150E333-8FDC-42A3-9474-1A3956D46DE8}") = "Systrade.Clientes", "Systrade.Clientes", "{D0480001-4314-4F65-AA99-2FCAE06BF417}"
EndProject
Project("{2150E333-8FDC-42A3-9474-1A3956D46DE8}") = "10-Application", "10-Application", "{8A730357-CBD1-4879-91F3-8DA4C37E94DE}"
EndProject
Project("{2150E333-8FDC-42A3-9474-1A3956D46DE8}") = "12-Domain", "12-Domain", "{9B3F2BEA-2BFD-42F1-B04D-A5AAC2DDA047}"
EndProject
Project("{2150E333-8FDC-42A3-9474-1A3956D46DE8}") = "11-Services", "11-Services", "{E3209306-7E2B-493F-B9E3-D9B3BB8F5024}"
EndProject
Project("{2150E333-8FDC-42A3-9474-1A3956D46DE8}") = "13-Infra", "13-Infra", "{CA52A5BF-9B1A-46D6-97AF-A0011D62A6A7}"
EndProject
Project("{FAE04EC0-301F-11D3-BF4B-00C04F79EFBC}") = "Systrade.Clientes.Domain", "Systrade.Clientes.Domain\Systrade.Clientes.Domain.csproj", "{55C566E8-1288-4868-811E-63B860CBC644}"
EndProject
Project("{FAE04EC0-301F-11D3-BF4B-00C04F79EFBC}") = "Systrade.Clientes.Testes", "Systrade.Clientes.Testes\Systrade.Clientes.Testes.csproj", "{214B6B2B-67D5-41EF-9F2A-10F0D5CAD80F}"
EndProject
Project("{2150E333-8FDC-42A3-9474-1A3956D46DE8}") = "13.1-CrossCutting", "13.1-CrossCutting", "{476D8C86-F8E4-4FE4-A951-C9D51BF0385D}"
EndProject
Project("{2150E333-8FDC-42A3-9474-1A3956D46DE8}") = "13.2-Data", "13.2-Data", "{857338AB-D551-48CB-9CAF-528AC3B1B0CE}"
EndProject
Project("{FAE04EC0-301F-11D3-BF4B-00C04F79EFBC}") = "Systrade.Clientes.CrossCutting.Ioc", "Systrade.Clientes.CrossCutting\Systrade.Clientes.CrossCutting.Ioc.csproj", "{AF151464-C6AB-4127-A530-272A1EBFAB31}"
EndProject
Project("{FAE04EC0-301F-11D3-BF4B-00C04F79EFBC}") = "Systrade.Clientes.Infra.Data", "Systrade.Clientes.Infra.Data\Systrade.Clientes.Infra.Data.csproj", "{5158CA49-EAAD-484F-8A18-B0D620D2F7B6}"
EndProject
Project("{FAE04EC0-301F-11D3-BF4B-00C04F79EFBC}") = "Systrade.Clientes.Applications", "Systrade.Clientes.Applications\Systrade.Clientes.Applications.csproj", "{B1CCEA0D-B715-4D86-AD36-E8759D09D4D7}"
EndProject
Project("{FAE04EC0-301F-11D3-BF4B-00C04F79EFBC}") = "Systrade.Cadastro.Infra.Logging", "Systrade.Cadastro.Infra.Logging\Systrade.Cadastro.Infra.Logging.csproj", "{0DE8BD1D-E74D-4FBE-A38E-BC5F71C3ACE4}"
EndProject
Project("{2150E333-8FDC-42A3-9474-1A3956D46DE8}") = "Systrade.Eventos", "Systrade.Eventos", "{21D6D668-5732-4512-AA99-B5A9CB5B851E}"
EndProject
Project("{2150E333-8FDC-42A3-9474-1A3956D46DE8}") = "07-Aplicacao", "07-Aplicacao", "{4D2F7B55-2C07-4D64-B6FD-05BB4C4881FF}"
EndProject
Project("{2150E333-8FDC-42A3-9474-1A3956D46DE8}") = "09-Infra", "09-Infra", "{812AC9B5-098A-4963-B42A-04D89F463003}"
EndProject
Project("{2150E333-8FDC-42A3-9474-1A3956D46DE8}") = "7.1-Data", "7.1-Data", "{701971E2-0BC5-46D7-9D2B-0B6ED502AEB3}"
EndProject
Project("{2150E333-8FDC-42A3-9474-1A3956D46DE8}") = "08-Dominio", "08-Dominio", "{C8FAD7B9-5924-4406-AF7B-DB43B95281C9}"
EndProject
Project("{FAE04EC0-301F-11D3-BF4B-00C04F79EFBC}") = "Systrade.Events.Dominio", "Systrade.Events.Dominio\Systrade.Events.Dominio.csproj", "{123AC28B-ED96-41BD-8E44-CA93AFD643C3}"
EndProject
Project("{FAE04EC0-301F-11D3-BF4B-00C04F79EFBC}") = "Systrade.Eventos.Infra.Data", "Systrade.Eventos.Infra.Data\Systrade.Eventos.Infra.Data.csproj", "{D3E2A3CB-37CF-4E6F-9BD4-AEE393C20BAD}"
EndProject
Project("{FAE04EC0-301F-11D3-BF4B-00C04F79EFBC}") = "Systyrade.Eventos.Aplicacao", "Systyrade.Eventos.Aplicacao\Systyrade.Eventos.Aplicacao.csproj", "{A4EA0601-7BAD-4EEB-B4BF-766C4DF17892}"
EndProject
Project("{FAE04EC0-301F-11D3-BF4B-00C04F79EFBC}") = "Systrade.CrossCutting.Logging.Testes", "Systrade.CrossCutting.Logging.Testes\Systrade.CrossCutting.Logging.Testes.csproj", "{F38EB7A6-F244-4327-9B9E-61330B78EBC8}"
EndProject
Global
	GlobalSection(SolutionConfigurationPlatforms) = preSolution
		Debug|Any CPU = Debug|Any CPU
		Release|Any CPU = Release|Any CPU
	EndGlobalSection
	GlobalSection(ProjectConfigurationPlatforms) = postSolution
		{50C700FC-D8DE-46EC-8411-D3A23B7D9DB7}.Debug|Any CPU.ActiveCfg = Debug|Any CPU
		{50C700FC-D8DE-46EC-8411-D3A23B7D9DB7}.Debug|Any CPU.Build.0 = Debug|Any CPU
		{50C700FC-D8DE-46EC-8411-D3A23B7D9DB7}.Release|Any CPU.ActiveCfg = Release|Any CPU
		{50C700FC-D8DE-46EC-8411-D3A23B7D9DB7}.Release|Any CPU.Build.0 = Release|Any CPU
		{FBAAF729-7EA8-4C3C-91F2-6A623303D222}.Debug|Any CPU.ActiveCfg = Debug|Any CPU
		{FBAAF729-7EA8-4C3C-91F2-6A623303D222}.Debug|Any CPU.Build.0 = Debug|Any CPU
		{FBAAF729-7EA8-4C3C-91F2-6A623303D222}.Release|Any CPU.ActiveCfg = Release|Any CPU
		{FBAAF729-7EA8-4C3C-91F2-6A623303D222}.Release|Any CPU.Build.0 = Release|Any CPU
		{B9ABEB5C-EE49-4899-8A8F-30BAE341C296}.Debug|Any CPU.ActiveCfg = Debug|Any CPU
		{B9ABEB5C-EE49-4899-8A8F-30BAE341C296}.Debug|Any CPU.Build.0 = Debug|Any CPU
		{B9ABEB5C-EE49-4899-8A8F-30BAE341C296}.Release|Any CPU.ActiveCfg = Release|Any CPU
		{B9ABEB5C-EE49-4899-8A8F-30BAE341C296}.Release|Any CPU.Build.0 = Release|Any CPU
		{C7A3A389-A2F5-4761-9235-B2F4A65D04C9}.Debug|Any CPU.ActiveCfg = Debug|Any CPU
		{C7A3A389-A2F5-4761-9235-B2F4A65D04C9}.Debug|Any CPU.Build.0 = Debug|Any CPU
		{C7A3A389-A2F5-4761-9235-B2F4A65D04C9}.Release|Any CPU.ActiveCfg = Release|Any CPU
		{C7A3A389-A2F5-4761-9235-B2F4A65D04C9}.Release|Any CPU.Build.0 = Release|Any CPU
		{F9EFF0BB-C3D5-4388-9E01-7467051572CB}.Debug|Any CPU.ActiveCfg = Debug|Any CPU
		{F9EFF0BB-C3D5-4388-9E01-7467051572CB}.Debug|Any CPU.Build.0 = Debug|Any CPU
		{F9EFF0BB-C3D5-4388-9E01-7467051572CB}.Release|Any CPU.ActiveCfg = Release|Any CPU
		{F9EFF0BB-C3D5-4388-9E01-7467051572CB}.Release|Any CPU.Build.0 = Release|Any CPU
		{D4DEEC85-8736-4B4F-A58B-E5BA457529E7}.Debug|Any CPU.ActiveCfg = Debug|Any CPU
		{D4DEEC85-8736-4B4F-A58B-E5BA457529E7}.Debug|Any CPU.Build.0 = Debug|Any CPU
		{D4DEEC85-8736-4B4F-A58B-E5BA457529E7}.Release|Any CPU.ActiveCfg = Release|Any CPU
		{D4DEEC85-8736-4B4F-A58B-E5BA457529E7}.Release|Any CPU.Build.0 = Release|Any CPU
		{0321512A-9F56-49A5-BD68-0E9E70906C0E}.Debug|Any CPU.ActiveCfg = Debug|Any CPU
		{0321512A-9F56-49A5-BD68-0E9E70906C0E}.Debug|Any CPU.Build.0 = Debug|Any CPU
		{0321512A-9F56-49A5-BD68-0E9E70906C0E}.Release|Any CPU.ActiveCfg = Release|Any CPU
		{0321512A-9F56-49A5-BD68-0E9E70906C0E}.Release|Any CPU.Build.0 = Release|Any CPU
		{5FC535A3-92CA-4C9C-8AF3-F790BBA11D37}.Debug|Any CPU.ActiveCfg = Debug|Any CPU
		{5FC535A3-92CA-4C9C-8AF3-F790BBA11D37}.Debug|Any CPU.Build.0 = Debug|Any CPU
		{5FC535A3-92CA-4C9C-8AF3-F790BBA11D37}.Release|Any CPU.ActiveCfg = Release|Any CPU
		{5FC535A3-92CA-4C9C-8AF3-F790BBA11D37}.Release|Any CPU.Build.0 = Release|Any CPU
		{99DC1D76-5BC1-4B8B-97EA-69DD110DB248}.Debug|Any CPU.ActiveCfg = Debug|Any CPU
		{99DC1D76-5BC1-4B8B-97EA-69DD110DB248}.Debug|Any CPU.Build.0 = Debug|Any CPU
		{99DC1D76-5BC1-4B8B-97EA-69DD110DB248}.Release|Any CPU.ActiveCfg = Release|Any CPU
		{99DC1D76-5BC1-4B8B-97EA-69DD110DB248}.Release|Any CPU.Build.0 = Release|Any CPU
		{D9151909-D795-4FD3-9992-14E423B5450E}.Debug|Any CPU.ActiveCfg = Debug|Any CPU
		{D9151909-D795-4FD3-9992-14E423B5450E}.Debug|Any CPU.Build.0 = Debug|Any CPU
		{D9151909-D795-4FD3-9992-14E423B5450E}.Release|Any CPU.ActiveCfg = Release|Any CPU
		{D9151909-D795-4FD3-9992-14E423B5450E}.Release|Any CPU.Build.0 = Release|Any CPU
		{55C566E8-1288-4868-811E-63B860CBC644}.Debug|Any CPU.ActiveCfg = Debug|Any CPU
		{55C566E8-1288-4868-811E-63B860CBC644}.Debug|Any CPU.Build.0 = Debug|Any CPU
		{55C566E8-1288-4868-811E-63B860CBC644}.Release|Any CPU.ActiveCfg = Release|Any CPU
		{55C566E8-1288-4868-811E-63B860CBC644}.Release|Any CPU.Build.0 = Release|Any CPU
		{214B6B2B-67D5-41EF-9F2A-10F0D5CAD80F}.Debug|Any CPU.ActiveCfg = Debug|Any CPU
		{214B6B2B-67D5-41EF-9F2A-10F0D5CAD80F}.Debug|Any CPU.Build.0 = Debug|Any CPU
		{214B6B2B-67D5-41EF-9F2A-10F0D5CAD80F}.Release|Any CPU.ActiveCfg = Release|Any CPU
		{214B6B2B-67D5-41EF-9F2A-10F0D5CAD80F}.Release|Any CPU.Build.0 = Release|Any CPU
		{AF151464-C6AB-4127-A530-272A1EBFAB31}.Debug|Any CPU.ActiveCfg = Debug|Any CPU
		{AF151464-C6AB-4127-A530-272A1EBFAB31}.Debug|Any CPU.Build.0 = Debug|Any CPU
		{AF151464-C6AB-4127-A530-272A1EBFAB31}.Release|Any CPU.ActiveCfg = Release|Any CPU
		{AF151464-C6AB-4127-A530-272A1EBFAB31}.Release|Any CPU.Build.0 = Release|Any CPU
		{5158CA49-EAAD-484F-8A18-B0D620D2F7B6}.Debug|Any CPU.ActiveCfg = Debug|Any CPU
		{5158CA49-EAAD-484F-8A18-B0D620D2F7B6}.Debug|Any CPU.Build.0 = Debug|Any CPU
		{5158CA49-EAAD-484F-8A18-B0D620D2F7B6}.Release|Any CPU.ActiveCfg = Release|Any CPU
		{5158CA49-EAAD-484F-8A18-B0D620D2F7B6}.Release|Any CPU.Build.0 = Release|Any CPU
		{B1CCEA0D-B715-4D86-AD36-E8759D09D4D7}.Debug|Any CPU.ActiveCfg = Debug|Any CPU
		{B1CCEA0D-B715-4D86-AD36-E8759D09D4D7}.Debug|Any CPU.Build.0 = Debug|Any CPU
		{B1CCEA0D-B715-4D86-AD36-E8759D09D4D7}.Release|Any CPU.ActiveCfg = Release|Any CPU
		{B1CCEA0D-B715-4D86-AD36-E8759D09D4D7}.Release|Any CPU.Build.0 = Release|Any CPU
		{0DE8BD1D-E74D-4FBE-A38E-BC5F71C3ACE4}.Debug|Any CPU.ActiveCfg = Debug|Any CPU
		{0DE8BD1D-E74D-4FBE-A38E-BC5F71C3ACE4}.Debug|Any CPU.Build.0 = Debug|Any CPU
		{0DE8BD1D-E74D-4FBE-A38E-BC5F71C3ACE4}.Release|Any CPU.ActiveCfg = Release|Any CPU
		{0DE8BD1D-E74D-4FBE-A38E-BC5F71C3ACE4}.Release|Any CPU.Build.0 = Release|Any CPU
		{123AC28B-ED96-41BD-8E44-CA93AFD643C3}.Debug|Any CPU.ActiveCfg = Debug|Any CPU
		{123AC28B-ED96-41BD-8E44-CA93AFD643C3}.Debug|Any CPU.Build.0 = Debug|Any CPU
		{123AC28B-ED96-41BD-8E44-CA93AFD643C3}.Release|Any CPU.ActiveCfg = Release|Any CPU
		{123AC28B-ED96-41BD-8E44-CA93AFD643C3}.Release|Any CPU.Build.0 = Release|Any CPU
		{D3E2A3CB-37CF-4E6F-9BD4-AEE393C20BAD}.Debug|Any CPU.ActiveCfg = Debug|Any CPU
		{D3E2A3CB-37CF-4E6F-9BD4-AEE393C20BAD}.Debug|Any CPU.Build.0 = Debug|Any CPU
		{D3E2A3CB-37CF-4E6F-9BD4-AEE393C20BAD}.Release|Any CPU.ActiveCfg = Release|Any CPU
		{D3E2A3CB-37CF-4E6F-9BD4-AEE393C20BAD}.Release|Any CPU.Build.0 = Release|Any CPU
		{A4EA0601-7BAD-4EEB-B4BF-766C4DF17892}.Debug|Any CPU.ActiveCfg = Debug|Any CPU
		{A4EA0601-7BAD-4EEB-B4BF-766C4DF17892}.Debug|Any CPU.Build.0 = Debug|Any CPU
		{A4EA0601-7BAD-4EEB-B4BF-766C4DF17892}.Release|Any CPU.ActiveCfg = Release|Any CPU
		{A4EA0601-7BAD-4EEB-B4BF-766C4DF17892}.Release|Any CPU.Build.0 = Release|Any CPU
		{F38EB7A6-F244-4327-9B9E-61330B78EBC8}.Debug|Any CPU.ActiveCfg = Debug|Any CPU
		{F38EB7A6-F244-4327-9B9E-61330B78EBC8}.Debug|Any CPU.Build.0 = Debug|Any CPU
		{F38EB7A6-F244-4327-9B9E-61330B78EBC8}.Release|Any CPU.ActiveCfg = Release|Any CPU
		{F38EB7A6-F244-4327-9B9E-61330B78EBC8}.Release|Any CPU.Build.0 = Release|Any CPU
	EndGlobalSection
	GlobalSection(SolutionProperties) = preSolution
		HideSolutionNode = FALSE
	EndGlobalSection
	GlobalSection(NestedProjects) = preSolution
		{478D87C3-6311-4BC7-B5F5-F3F9054A7677} = {D1322979-8A84-4BDF-BFA7-D4D2DB344ECA}
		{7DD1A376-B756-4A7D-9724-276804FE7041} = {CF1A24B1-4E3C-40DE-9C80-4FA502A58177}
		{F6E06216-335C-4643-93EA-F89F61DEA1F1} = {CF1A24B1-4E3C-40DE-9C80-4FA502A58177}
		{047E9ABA-A474-4C38-BE88-492E0C424DC2} = {F6E06216-335C-4643-93EA-F89F61DEA1F1}
		{50C700FC-D8DE-46EC-8411-D3A23B7D9DB7} = {DCFD7731-257A-4ACA-AD9A-905BF02881A3}
		{FBAAF729-7EA8-4C3C-91F2-6A623303D222} = {7DD1A376-B756-4A7D-9724-276804FE7041}
		{B9ABEB5C-EE49-4899-8A8F-30BAE341C296} = {047E9ABA-A474-4C38-BE88-492E0C424DC2}
		{CF1A24B1-4E3C-40DE-9C80-4FA502A58177} = {7725A3CD-D14F-4152-BA39-BD1EA6259514}
		{81147D54-9962-4D85-B51E-21E315AECD6C} = {CF1A24B1-4E3C-40DE-9C80-4FA502A58177}
		{C7A3A389-A2F5-4761-9235-B2F4A65D04C9} = {81147D54-9962-4D85-B51E-21E315AECD6C}
		{F9EFF0BB-C3D5-4388-9E01-7467051572CB} = {7DD1A376-B756-4A7D-9724-276804FE7041}
		{DCFD7731-257A-4ACA-AD9A-905BF02881A3} = {F6E06216-335C-4643-93EA-F89F61DEA1F1}
		{0442435B-C8A8-4856-B9B8-B580F5500790} = {CF1A24B1-4E3C-40DE-9C80-4FA502A58177}
		{D4DEEC85-8736-4B4F-A58B-E5BA457529E7} = {478D87C3-6311-4BC7-B5F5-F3F9054A7677}
		{0321512A-9F56-49A5-BD68-0E9E70906C0E} = {DCFD7731-257A-4ACA-AD9A-905BF02881A3}
		{161A844C-CA81-4C9C-A63A-17512F5C25D2} = {7725A3CD-D14F-4152-BA39-BD1EA6259514}
		{5FC535A3-92CA-4C9C-8AF3-F790BBA11D37} = {1517062D-CF41-4F92-B76C-44B1705688A7}
		{99DC1D76-5BC1-4B8B-97EA-69DD110DB248} = {DCFD7731-257A-4ACA-AD9A-905BF02881A3}
		{1517062D-CF41-4F92-B76C-44B1705688A7} = {161A844C-CA81-4C9C-A63A-17512F5C25D2}
		{8E5E3C0E-89EC-46BC-A911-22434E44556E} = {161A844C-CA81-4C9C-A63A-17512F5C25D2}
		{E251B452-2B13-494D-B9E3-EA376393F13E} = {8E5E3C0E-89EC-46BC-A911-22434E44556E}
		{D9151909-D795-4FD3-9992-14E423B5450E} = {E251B452-2B13-494D-B9E3-EA376393F13E}
		{D0480001-4314-4F65-AA99-2FCAE06BF417} = {7725A3CD-D14F-4152-BA39-BD1EA6259514}
		{8A730357-CBD1-4879-91F3-8DA4C37E94DE} = {D0480001-4314-4F65-AA99-2FCAE06BF417}
		{9B3F2BEA-2BFD-42F1-B04D-A5AAC2DDA047} = {D0480001-4314-4F65-AA99-2FCAE06BF417}
		{E3209306-7E2B-493F-B9E3-D9B3BB8F5024} = {D0480001-4314-4F65-AA99-2FCAE06BF417}
		{CA52A5BF-9B1A-46D6-97AF-A0011D62A6A7} = {D0480001-4314-4F65-AA99-2FCAE06BF417}
		{55C566E8-1288-4868-811E-63B860CBC644} = {9B3F2BEA-2BFD-42F1-B04D-A5AAC2DDA047}
		{214B6B2B-67D5-41EF-9F2A-10F0D5CAD80F} = {9B3F2BEA-2BFD-42F1-B04D-A5AAC2DDA047}
		{476D8C86-F8E4-4FE4-A951-C9D51BF0385D} = {CA52A5BF-9B1A-46D6-97AF-A0011D62A6A7}
		{857338AB-D551-48CB-9CAF-528AC3B1B0CE} = {CA52A5BF-9B1A-46D6-97AF-A0011D62A6A7}
		{AF151464-C6AB-4127-A530-272A1EBFAB31} = {476D8C86-F8E4-4FE4-A951-C9D51BF0385D}
		{5158CA49-EAAD-484F-8A18-B0D620D2F7B6} = {857338AB-D551-48CB-9CAF-528AC3B1B0CE}
		{B1CCEA0D-B715-4D86-AD36-E8759D09D4D7} = {8A730357-CBD1-4879-91F3-8DA4C37E94DE}
		{0DE8BD1D-E74D-4FBE-A38E-BC5F71C3ACE4} = {DCFD7731-257A-4ACA-AD9A-905BF02881A3}
		{21D6D668-5732-4512-AA99-B5A9CB5B851E} = {7725A3CD-D14F-4152-BA39-BD1EA6259514}
		{4D2F7B55-2C07-4D64-B6FD-05BB4C4881FF} = {21D6D668-5732-4512-AA99-B5A9CB5B851E}
		{812AC9B5-098A-4963-B42A-04D89F463003} = {21D6D668-5732-4512-AA99-B5A9CB5B851E}
		{701971E2-0BC5-46D7-9D2B-0B6ED502AEB3} = {812AC9B5-098A-4963-B42A-04D89F463003}
		{C8FAD7B9-5924-4406-AF7B-DB43B95281C9} = {21D6D668-5732-4512-AA99-B5A9CB5B851E}
		{123AC28B-ED96-41BD-8E44-CA93AFD643C3} = {C8FAD7B9-5924-4406-AF7B-DB43B95281C9}
		{D3E2A3CB-37CF-4E6F-9BD4-AEE393C20BAD} = {701971E2-0BC5-46D7-9D2B-0B6ED502AEB3}
		{A4EA0601-7BAD-4EEB-B4BF-766C4DF17892} = {4D2F7B55-2C07-4D64-B6FD-05BB4C4881FF}
		{F38EB7A6-F244-4327-9B9E-61330B78EBC8} = {DCFD7731-257A-4ACA-AD9A-905BF02881A3}
	EndGlobalSection
	GlobalSection(ExtensibilityGlobals) = postSolution
		SolutionGuid = {1FB7C944-539A-4FBD-84E5-ED13DA777261}
	EndGlobalSection
EndGlobal
